
Microsoft Visual Studio Solution File, Format Version 12.00
Project("{2150E333-8FDC-42A3-9474-1A3956D46DE8}") = "src", "src", "{CD671CD4-83B4-446F-9B60-E3F850038DCF}"
EndProject
Project("{2150E333-8FDC-42A3-9474-1A3956D46DE8}") = "Services", "Services", "{135CF3E0-898D-42E2-89ED-92357FD6061E}"
EndProject
Project("{2150E333-8FDC-42A3-9474-1A3956D46DE8}") = "Shared", "Shared", "{CF5AFF6C-90E3-4CF9-B795-01B00E305AAA}"
EndProject
Project("{FAE04EC0-301F-11D3-BF4B-00C04F79EFBC}") = "Karandash.Shared", "src\Shared\Karandash.Shared\Karandash.Shared.csproj", "{23553D27-655D-4F39-9E9E-F000685F7C48}"
EndProject
Project("{2150E333-8FDC-42A3-9474-1A3956D46DE8}") = "Authentication", "Authentication", "{DEB87408-3182-4DBE-BDEE-4D6621F2FC11}"
EndProject
Project("{FAE04EC0-301F-11D3-BF4B-00C04F79EFBC}") = "Karandash.Authentication.Application", "src\Services\Authentication\Karandash.Authentication.Application\Karandash.Authentication.Application.csproj", "{FC571368-CD76-4CAA-9F73-9486E97CAA0D}"
EndProject
Project("{FAE04EC0-301F-11D3-BF4B-00C04F79EFBC}") = "Karandash.Authentication.API", "src\Services\Authentication\Karandash.Authentication.API\Karandash.Authentication.API.csproj", "{30F66DA2-B787-468F-A424-57DAA9CF692F}"
EndProject
Project("{FAE04EC0-301F-11D3-BF4B-00C04F79EFBC}") = "Karandash.Authentication.Domain", "src\Services\Authentication\Karandash.Authentication.Domain\Karandash.Authentication.Domain.csproj", "{ECE37C45-F5EB-4EE2-B68B-9418628120EB}"
EndProject
Project("{FAE04EC0-301F-11D3-BF4B-00C04F79EFBC}") = "Karandash.Authentication.Infrastructure", "src\Services\Authentication\Karandash.Authentication.Infrastructure\Karandash.Authentication.Infrastructure.csproj", "{EA4A18C6-20D5-4898-94D8-AB1CE9BEE363}"
EndProject
Project("{2150E333-8FDC-42A3-9474-1A3956D46DE8}") = "Blog", "Blog", "{8334BA79-ACC9-4528-A45C-8A6A23B50DE8}"
EndProject
Project("{FAE04EC0-301F-11D3-BF4B-00C04F79EFBC}") = "Karandash.Blog.API", "src\Services\Blog\Karandash.Blog.API\Karandash.Blog.API.csproj", "{097D5E2A-D61C-4F56-8C56-DB7C794A7CD5}"
EndProject
Project("{FAE04EC0-301F-11D3-BF4B-00C04F79EFBC}") = "Karandash.Blog.Application", "src\Services\Blog\Karandash.Blog.Application\Karandash.Blog.Application.csproj", "{AD7C103B-A604-492C-B8A4-1432F4DB3BC6}"
EndProject
Project("{FAE04EC0-301F-11D3-BF4B-00C04F79EFBC}") = "Karandash.Blog.Domain", "src\Services\Blog\Karandash.Blog.Domain\Karandash.Blog.Domain.csproj", "{38354416-60A4-4AEE-95E4-22E4CACF3AF8}"
EndProject
Project("{FAE04EC0-301F-11D3-BF4B-00C04F79EFBC}") = "Karandash.Blog.Infrastructure", "src\Services\Blog\Karandash.Blog.Infrastructure\Karandash.Blog.Infrastructure.csproj", "{3267FFA3-8F24-4459-A64A-DAD7B2BDAD95}"
EndProject
Project("{2150E333-8FDC-42A3-9474-1A3956D46DE8}") = "Gateway", "Gateway", "{71EE23F8-C348-40AA-841D-41AEA54D51D3}"
EndProject
Project("{FAE04EC0-301F-11D3-BF4B-00C04F79EFBC}") = "Karandash.Gateway", "src\Karandash.Gateway\Karandash.Gateway.csproj", "{8EC8A0DC-217E-478F-898F-7F6420954089}"
EndProject
Global
	GlobalSection(SolutionConfigurationPlatforms) = preSolution
		Debug|Any CPU = Debug|Any CPU
		Release|Any CPU = Release|Any CPU
	EndGlobalSection
	GlobalSection(NestedProjects) = preSolution
		{135CF3E0-898D-42E2-89ED-92357FD6061E} = {CD671CD4-83B4-446F-9B60-E3F850038DCF}
		{CF5AFF6C-90E3-4CF9-B795-01B00E305AAA} = {CD671CD4-83B4-446F-9B60-E3F850038DCF}
		{23553D27-655D-4F39-9E9E-F000685F7C48} = {CF5AFF6C-90E3-4CF9-B795-01B00E305AAA}
		{DEB87408-3182-4DBE-BDEE-4D6621F2FC11} = {135CF3E0-898D-42E2-89ED-92357FD6061E}
		{FC571368-CD76-4CAA-9F73-9486E97CAA0D} = {DEB87408-3182-4DBE-BDEE-4D6621F2FC11}
		{30F66DA2-B787-468F-A424-57DAA9CF692F} = {DEB87408-3182-4DBE-BDEE-4D6621F2FC11}
		{ECE37C45-F5EB-4EE2-B68B-9418628120EB} = {DEB87408-3182-4DBE-BDEE-4D6621F2FC11}
		{EA4A18C6-20D5-4898-94D8-AB1CE9BEE363} = {DEB87408-3182-4DBE-BDEE-4D6621F2FC11}
		{8334BA79-ACC9-4528-A45C-8A6A23B50DE8} = {135CF3E0-898D-42E2-89ED-92357FD6061E}
		{097D5E2A-D61C-4F56-8C56-DB7C794A7CD5} = {8334BA79-ACC9-4528-A45C-8A6A23B50DE8}
		{AD7C103B-A604-492C-B8A4-1432F4DB3BC6} = {8334BA79-ACC9-4528-A45C-8A6A23B50DE8}
		{38354416-60A4-4AEE-95E4-22E4CACF3AF8} = {8334BA79-ACC9-4528-A45C-8A6A23B50DE8}
		{3267FFA3-8F24-4459-A64A-DAD7B2BDAD95} = {8334BA79-ACC9-4528-A45C-8A6A23B50DE8}
		{71EE23F8-C348-40AA-841D-41AEA54D51D3} = {CD671CD4-83B4-446F-9B60-E3F850038DCF}
		{8EC8A0DC-217E-478F-898F-7F6420954089} = {71EE23F8-C348-40AA-841D-41AEA54D51D3}
	EndGlobalSection
	GlobalSection(ProjectConfigurationPlatforms) = postSolution
		{23553D27-655D-4F39-9E9E-F000685F7C48}.Debug|Any CPU.ActiveCfg = Debug|Any CPU
		{23553D27-655D-4F39-9E9E-F000685F7C48}.Debug|Any CPU.Build.0 = Debug|Any CPU
		{23553D27-655D-4F39-9E9E-F000685F7C48}.Release|Any CPU.ActiveCfg = Release|Any CPU
		{23553D27-655D-4F39-9E9E-F000685F7C48}.Release|Any CPU.Build.0 = Release|Any CPU
		{FC571368-CD76-4CAA-9F73-9486E97CAA0D}.Debug|Any CPU.ActiveCfg = Debug|Any CPU
		{FC571368-CD76-4CAA-9F73-9486E97CAA0D}.Debug|Any CPU.Build.0 = Debug|Any CPU
		{FC571368-CD76-4CAA-9F73-9486E97CAA0D}.Release|Any CPU.ActiveCfg = Release|Any CPU
		{FC571368-CD76-4CAA-9F73-9486E97CAA0D}.Release|Any CPU.Build.0 = Release|Any CPU
		{30F66DA2-B787-468F-A424-57DAA9CF692F}.Debug|Any CPU.ActiveCfg = Debug|Any CPU
		{30F66DA2-B787-468F-A424-57DAA9CF692F}.Debug|Any CPU.Build.0 = Debug|Any CPU
		{30F66DA2-B787-468F-A424-57DAA9CF692F}.Release|Any CPU.ActiveCfg = Release|Any CPU
		{30F66DA2-B787-468F-A424-57DAA9CF692F}.Release|Any CPU.Build.0 = Release|Any CPU
		{ECE37C45-F5EB-4EE2-B68B-9418628120EB}.Debug|Any CPU.ActiveCfg = Debug|Any CPU
		{ECE37C45-F5EB-4EE2-B68B-9418628120EB}.Debug|Any CPU.Build.0 = Debug|Any CPU
		{ECE37C45-F5EB-4EE2-B68B-9418628120EB}.Release|Any CPU.ActiveCfg = Release|Any CPU
		{ECE37C45-F5EB-4EE2-B68B-9418628120EB}.Release|Any CPU.Build.0 = Release|Any CPU
		{EA4A18C6-20D5-4898-94D8-AB1CE9BEE363}.Debug|Any CPU.ActiveCfg = Debug|Any CPU
		{EA4A18C6-20D5-4898-94D8-AB1CE9BEE363}.Debug|Any CPU.Build.0 = Debug|Any CPU
		{EA4A18C6-20D5-4898-94D8-AB1CE9BEE363}.Release|Any CPU.ActiveCfg = Release|Any CPU
		{EA4A18C6-20D5-4898-94D8-AB1CE9BEE363}.Release|Any CPU.Build.0 = Release|Any CPU
		{097D5E2A-D61C-4F56-8C56-DB7C794A7CD5}.Debug|Any CPU.ActiveCfg = Debug|Any CPU
		{097D5E2A-D61C-4F56-8C56-DB7C794A7CD5}.Debug|Any CPU.Build.0 = Debug|Any CPU
		{097D5E2A-D61C-4F56-8C56-DB7C794A7CD5}.Release|Any CPU.ActiveCfg = Release|Any CPU
		{097D5E2A-D61C-4F56-8C56-DB7C794A7CD5}.Release|Any CPU.Build.0 = Release|Any CPU
		{AD7C103B-A604-492C-B8A4-1432F4DB3BC6}.Debug|Any CPU.ActiveCfg = Debug|Any CPU
		{AD7C103B-A604-492C-B8A4-1432F4DB3BC6}.Debug|Any CPU.Build.0 = Debug|Any CPU
		{AD7C103B-A604-492C-B8A4-1432F4DB3BC6}.Release|Any CPU.ActiveCfg = Release|Any CPU
		{AD7C103B-A604-492C-B8A4-1432F4DB3BC6}.Release|Any CPU.Build.0 = Release|Any CPU
		{38354416-60A4-4AEE-95E4-22E4CACF3AF8}.Debug|Any CPU.ActiveCfg = Debug|Any CPU
		{38354416-60A4-4AEE-95E4-22E4CACF3AF8}.Debug|Any CPU.Build.0 = Debug|Any CPU
		{38354416-60A4-4AEE-95E4-22E4CACF3AF8}.Release|Any CPU.ActiveCfg = Release|Any CPU
		{38354416-60A4-4AEE-95E4-22E4CACF3AF8}.Release|Any CPU.Build.0 = Release|Any CPU
		{3267FFA3-8F24-4459-A64A-DAD7B2BDAD95}.Debug|Any CPU.ActiveCfg = Debug|Any CPU
		{3267FFA3-8F24-4459-A64A-DAD7B2BDAD95}.Debug|Any CPU.Build.0 = Debug|Any CPU
		{3267FFA3-8F24-4459-A64A-DAD7B2BDAD95}.Release|Any CPU.ActiveCfg = Release|Any CPU
		{3267FFA3-8F24-4459-A64A-DAD7B2BDAD95}.Release|Any CPU.Build.0 = Release|Any CPU
		{8EC8A0DC-217E-478F-898F-7F6420954089}.Debug|Any CPU.ActiveCfg = Debug|Any CPU
		{8EC8A0DC-217E-478F-898F-7F6420954089}.Debug|Any CPU.Build.0 = Debug|Any CPU
		{8EC8A0DC-217E-478F-898F-7F6420954089}.Release|Any CPU.ActiveCfg = Release|Any CPU
		{8EC8A0DC-217E-478F-898F-7F6420954089}.Release|Any CPU.Build.0 = Release|Any CPU
	EndGlobalSection
EndGlobal
