
Microsoft Visual Studio Solution File, Format Version 12.00
Project("{2150E333-8FDC-42A3-9474-1A3956D46DE8}") = "src", "src", "{CD671CD4-83B4-446F-9B60-E3F850038DCF}"
EndProject
Project("{2150E333-8FDC-42A3-9474-1A3956D46DE8}") = "Services", "Services", "{135CF3E0-898D-42E2-89ED-92357FD6061E}"
EndProject
Project("{2150E333-8FDC-42A3-9474-1A3956D46DE8}") = "Shared", "Shared", "{CF5AFF6C-90E3-4CF9-B795-01B00E305AAA}"
EndProject
Project("{FAE04EC0-301F-11D3-BF4B-00C04F79EFBC}") = "Karandash.Shared", "src\Shared\Karandash.Shared\Karandash.Shared.csproj", "{23553D27-655D-4F39-9E9E-F000685F7C48}"
EndProject
Project("{2150E333-8FDC-42A3-9474-1A3956D46DE8}") = "Authentication", "Authentication", "{DEB87408-3182-4DBE-BDEE-4D6621F2FC11}"
EndProject
Project("{FAE04EC0-301F-11D3-BF4B-00C04F79EFBC}") = "Karandash.Authentication.API", "src\Services\Authentication\Karandash.Authentication.API\Karandash.Authentication.API.csproj", "{30F66DA2-B787-468F-A424-57DAA9CF692F}"
EndProject
Project("{2150E333-8FDC-42A3-9474-1A3956D46DE8}") = "Blog", "Blog", "{8334BA79-ACC9-4528-A45C-8A6A23B50DE8}"
EndProject
Project("{FAE04EC0-301F-11D3-BF4B-00C04F79EFBC}") = "Karandash.Blog.API", "src\Services\Blog\Karandash.Blog.API\Karandash.Blog.API.csproj", "{097D5E2A-D61C-4F56-8C56-DB7C794A7CD5}"
EndProject
Project("{2150E333-8FDC-42A3-9474-1A3956D46DE8}") = "Gateway", "Gateway", "{71EE23F8-C348-40AA-841D-41AEA54D51D3}"
EndProject
Project("{FAE04EC0-301F-11D3-BF4B-00C04F79EFBC}") = "Karandash.Gateway", "src\Karandash.Gateway\Karandash.Gateway.csproj", "{8EC8A0DC-217E-478F-898F-7F6420954089}"
EndProject
Project("{FAE04EC0-301F-11D3-BF4B-00C04F79EFBC}") = "Karandash.Authentication.Business", "src\Services\Authentication\Karandash.Authentication.Business\Karandash.Authentication.Business.csproj", "{ED5D5203-D1B3-47C7-A7C1-6858BC1E8386}"
EndProject
Project("{FAE04EC0-301F-11D3-BF4B-00C04F79EFBC}") = "Karandash.Authentication.DataAccess", "src\Services\Authentication\Karandash.Authentication.DataAccess\Karandash.Authentication.DataAccess.csproj", "{917B4A71-06B9-427E-8F83-3DA608528345}"
EndProject
Project("{FAE04EC0-301F-11D3-BF4B-00C04F79EFBC}") = "Karandash.Authentication.Core", "src\Services\Authentication\Karandash.Authentication.Core\Karandash.Authentication.Core.csproj", "{5FBE5E12-5CAE-4845-9673-4FED5C45D78A}"
EndProject
Project("{FAE04EC0-301F-11D3-BF4B-00C04F79EFBC}") = "Karandash.Blog.Business", "src\Services\Blog\Karandash.Blog.Business\Karandash.Blog.Business.csproj", "{0EFC3848-908C-442C-BB8F-8084335DF581}"
EndProject
Project("{FAE04EC0-301F-11D3-BF4B-00C04F79EFBC}") = "Karandash.Blog.DataAccess", "src\Services\Blog\Karandash.Blog.DataAccess\Karandash.Blog.DataAccess.csproj", "{C9068A65-28D3-48CA-B9DE-F7DE8BA0BB7A}"
EndProject
Project("{FAE04EC0-301F-11D3-BF4B-00C04F79EFBC}") = "Karandash.Blog.Core", "src\Services\Blog\Karandash.Blog.Core\Karandash.Blog.Core.csproj", "{45CC0017-68EF-4238-9E87-CC2E1E27320C}"
EndProject
Global
	GlobalSection(SolutionConfigurationPlatforms) = preSolution
		Debug|Any CPU = Debug|Any CPU
		Release|Any CPU = Release|Any CPU
	EndGlobalSection
	GlobalSection(NestedProjects) = preSolution
		{135CF3E0-898D-42E2-89ED-92357FD6061E} = {CD671CD4-83B4-446F-9B60-E3F850038DCF}
		{CF5AFF6C-90E3-4CF9-B795-01B00E305AAA} = {CD671CD4-83B4-446F-9B60-E3F850038DCF}
		{23553D27-655D-4F39-9E9E-F000685F7C48} = {CF5AFF6C-90E3-4CF9-B795-01B00E305AAA}
		{DEB87408-3182-4DBE-BDEE-4D6621F2FC11} = {135CF3E0-898D-42E2-89ED-92357FD6061E}
		{30F66DA2-B787-468F-A424-57DAA9CF692F} = {DEB87408-3182-4DBE-BDEE-4D6621F2FC11}
		{8334BA79-ACC9-4528-A45C-8A6A23B50DE8} = {135CF3E0-898D-42E2-89ED-92357FD6061E}
		{097D5E2A-D61C-4F56-8C56-DB7C794A7CD5} = {8334BA79-ACC9-4528-A45C-8A6A23B50DE8}
		{71EE23F8-C348-40AA-841D-41AEA54D51D3} = {CD671CD4-83B4-446F-9B60-E3F850038DCF}
		{8EC8A0DC-217E-478F-898F-7F6420954089} = {71EE23F8-C348-40AA-841D-41AEA54D51D3}
		{ED5D5203-D1B3-47C7-A7C1-6858BC1E8386} = {DEB87408-3182-4DBE-BDEE-4D6621F2FC11}
		{917B4A71-06B9-427E-8F83-3DA608528345} = {DEB87408-3182-4DBE-BDEE-4D6621F2FC11}
		{5FBE5E12-5CAE-4845-9673-4FED5C45D78A} = {DEB87408-3182-4DBE-BDEE-4D6621F2FC11}
		{0EFC3848-908C-442C-BB8F-8084335DF581} = {8334BA79-ACC9-4528-A45C-8A6A23B50DE8}
		{C9068A65-28D3-48CA-B9DE-F7DE8BA0BB7A} = {8334BA79-ACC9-4528-A45C-8A6A23B50DE8}
		{45CC0017-68EF-4238-9E87-CC2E1E27320C} = {8334BA79-ACC9-4528-A45C-8A6A23B50DE8}
	EndGlobalSection
	GlobalSection(ProjectConfigurationPlatforms) = postSolution
		{23553D27-655D-4F39-9E9E-F000685F7C48}.Debug|Any CPU.ActiveCfg = Debug|Any CPU
		{23553D27-655D-4F39-9E9E-F000685F7C48}.Debug|Any CPU.Build.0 = Debug|Any CPU
		{23553D27-655D-4F39-9E9E-F000685F7C48}.Release|Any CPU.ActiveCfg = Release|Any CPU
		{23553D27-655D-4F39-9E9E-F000685F7C48}.Release|Any CPU.Build.0 = Release|Any CPU
		{30F66DA2-B787-468F-A424-57DAA9CF692F}.Debug|Any CPU.ActiveCfg = Debug|Any CPU
		{30F66DA2-B787-468F-A424-57DAA9CF692F}.Debug|Any CPU.Build.0 = Debug|Any CPU
		{30F66DA2-B787-468F-A424-57DAA9CF692F}.Release|Any CPU.ActiveCfg = Release|Any CPU
		{30F66DA2-B787-468F-A424-57DAA9CF692F}.Release|Any CPU.Build.0 = Release|Any CPU
		{097D5E2A-D61C-4F56-8C56-DB7C794A7CD5}.Debug|Any CPU.ActiveCfg = Debug|Any CPU
		{097D5E2A-D61C-4F56-8C56-DB7C794A7CD5}.Debug|Any CPU.Build.0 = Debug|Any CPU
		{097D5E2A-D61C-4F56-8C56-DB7C794A7CD5}.Release|Any CPU.ActiveCfg = Release|Any CPU
		{097D5E2A-D61C-4F56-8C56-DB7C794A7CD5}.Release|Any CPU.Build.0 = Release|Any CPU
		{8EC8A0DC-217E-478F-898F-7F6420954089}.Debug|Any CPU.ActiveCfg = Debug|Any CPU
		{8EC8A0DC-217E-478F-898F-7F6420954089}.Debug|Any CPU.Build.0 = Debug|Any CPU
		{8EC8A0DC-217E-478F-898F-7F6420954089}.Release|Any CPU.ActiveCfg = Release|Any CPU
		{8EC8A0DC-217E-478F-898F-7F6420954089}.Release|Any CPU.Build.0 = Release|Any CPU
		{ED5D5203-D1B3-47C7-A7C1-6858BC1E8386}.Debug|Any CPU.ActiveCfg = Debug|Any CPU
		{ED5D5203-D1B3-47C7-A7C1-6858BC1E8386}.Debug|Any CPU.Build.0 = Debug|Any CPU
		{ED5D5203-D1B3-47C7-A7C1-6858BC1E8386}.Release|Any CPU.ActiveCfg = Release|Any CPU
		{ED5D5203-D1B3-47C7-A7C1-6858BC1E8386}.Release|Any CPU.Build.0 = Release|Any CPU
		{917B4A71-06B9-427E-8F83-3DA608528345}.Debug|Any CPU.ActiveCfg = Debug|Any CPU
		{917B4A71-06B9-427E-8F83-3DA608528345}.Debug|Any CPU.Build.0 = Debug|Any CPU
		{917B4A71-06B9-427E-8F83-3DA608528345}.Release|Any CPU.ActiveCfg = Release|Any CPU
		{917B4A71-06B9-427E-8F83-3DA608528345}.Release|Any CPU.Build.0 = Release|Any CPU
		{5FBE5E12-5CAE-4845-9673-4FED5C45D78A}.Debug|Any CPU.ActiveCfg = Debug|Any CPU
		{5FBE5E12-5CAE-4845-9673-4FED5C45D78A}.Debug|Any CPU.Build.0 = Debug|Any CPU
		{5FBE5E12-5CAE-4845-9673-4FED5C45D78A}.Release|Any CPU.ActiveCfg = Release|Any CPU
		{5FBE5E12-5CAE-4845-9673-4FED5C45D78A}.Release|Any CPU.Build.0 = Release|Any CPU
		{0EFC3848-908C-442C-BB8F-8084335DF581}.Debug|Any CPU.ActiveCfg = Debug|Any CPU
		{0EFC3848-908C-442C-BB8F-8084335DF581}.Debug|Any CPU.Build.0 = Debug|Any CPU
		{0EFC3848-908C-442C-BB8F-8084335DF581}.Release|Any CPU.ActiveCfg = Release|Any CPU
		{0EFC3848-908C-442C-BB8F-8084335DF581}.Release|Any CPU.Build.0 = Release|Any CPU
		{C9068A65-28D3-48CA-B9DE-F7DE8BA0BB7A}.Debug|Any CPU.ActiveCfg = Debug|Any CPU
		{C9068A65-28D3-48CA-B9DE-F7DE8BA0BB7A}.Debug|Any CPU.Build.0 = Debug|Any CPU
		{C9068A65-28D3-48CA-B9DE-F7DE8BA0BB7A}.Release|Any CPU.ActiveCfg = Release|Any CPU
		{C9068A65-28D3-48CA-B9DE-F7DE8BA0BB7A}.Release|Any CPU.Build.0 = Release|Any CPU
		{45CC0017-68EF-4238-9E87-CC2E1E27320C}.Debug|Any CPU.ActiveCfg = Debug|Any CPU
		{45CC0017-68EF-4238-9E87-CC2E1E27320C}.Debug|Any CPU.Build.0 = Debug|Any CPU
		{45CC0017-68EF-4238-9E87-CC2E1E27320C}.Release|Any CPU.ActiveCfg = Release|Any CPU
		{45CC0017-68EF-4238-9E87-CC2E1E27320C}.Release|Any CPU.Build.0 = Release|Any CPU
	EndGlobalSection
EndGlobal
